
Microsoft Visual Studio Solution File, Format Version 12.00
# Visual Studio Version 17
VisualStudioVersion = 17.6.33829.357
MinimumVisualStudioVersion = 10.0.40219.1
Project("{FAE04EC0-301F-11D3-BF4B-00C04F79EFBC}") = "komma", "komma\komma.csproj", "{CC598BF8-B6D2-415F-9633-7E42C2AE65E0}"
EndProject
Global
	GlobalSection(SolutionConfigurationPlatforms) = preSolution
		Debug|Any CPU = Debug|Any CPU
		Release|Any CPU = Release|Any CPU
	EndGlobalSection
	GlobalSection(ProjectConfigurationPlatforms) = postSolution
		{CC598BF8-B6D2-415F-9633-7E42C2AE65E0}.Debug|Any CPU.ActiveCfg = Debug|Any CPU
		{CC598BF8-B6D2-415F-9633-7E42C2AE65E0}.Debug|Any CPU.Build.0 = Debug|Any CPU
		{CC598BF8-B6D2-415F-9633-7E42C2AE65E0}.Release|Any CPU.ActiveCfg = Release|Any CPU
		{CC598BF8-B6D2-415F-9633-7E42C2AE65E0}.Release|Any CPU.Build.0 = Release|Any CPU
	EndGlobalSection
	GlobalSection(SolutionProperties) = preSolution
		HideSolutionNode = FALSE
	EndGlobalSection
	GlobalSection(ExtensibilityGlobals) = postSolution
		SolutionGuid = {7545A13E-B063-4564-8197-1CEE6ABC89E8}
	EndGlobalSection
EndGlobal
